
Microsoft Visual Studio Solution File, Format Version 12.00
# Visual Studio Version 16
VisualStudioVersion = 16.0.35130.168
MinimumVisualStudioVersion = 10.0.40219.1
Project("{FAE04EC0-301F-11D3-BF4B-00C04F79EFBC}") = "SxcWebAndLoadTestProject", "SxcWebAndLoadTestProject\SxcWebAndLoadTestProject.csproj", "{7602BC50-3F84-4654-8454-1FC94BBC0B00}"
EndProject
Project("{2150E333-8FDC-42A3-9474-1A3956D46DE8}") = "Solution Items", "Solution Items", "{93F79B11-8D71-4E14-BF15-D470AD191334}"
	ProjectSection(SolutionItems) = preProject
		Local.testsettings = Local.testsettings
	EndProjectSection
EndProject
Global
	GlobalSection(SolutionConfigurationPlatforms) = preSolution
		Debug|Any CPU = Debug|Any CPU
		Release|Any CPU = Release|Any CPU
	EndGlobalSection
	GlobalSection(ProjectConfigurationPlatforms) = postSolution
		{7602BC50-3F84-4654-8454-1FC94BBC0B00}.Debug|Any CPU.ActiveCfg = Debug|Any CPU
		{7602BC50-3F84-4654-8454-1FC94BBC0B00}.Debug|Any CPU.Build.0 = Debug|Any CPU
		{7602BC50-3F84-4654-8454-1FC94BBC0B00}.Release|Any CPU.ActiveCfg = Release|Any CPU
		{7602BC50-3F84-4654-8454-1FC94BBC0B00}.Release|Any CPU.Build.0 = Release|Any CPU
	EndGlobalSection
	GlobalSection(SolutionProperties) = preSolution
		HideSolutionNode = FALSE
	EndGlobalSection
	GlobalSection(ExtensibilityGlobals) = postSolution
		SolutionGuid = {78AEEC6C-B22D-474C-80D6-30C1EF2E107F}
	EndGlobalSection
EndGlobal
